
Microsoft Visual Studio Solution File, Format Version 12.00
# Visual Studio Version 17
VisualStudioVersion = 17.0.31903.59
MinimumVisualStudioVersion = 10.0.40219.1
Project("{FAE04EC0-301F-11D3-BF4B-00C04F79EFBC}") = "TiendaLibro", "TiendaLibro\TiendaLibro.csproj", "{A144EBE5-7FFE-4FEC-9072-2124944375FB}"
EndProject
Global
	GlobalSection(SolutionConfigurationPlatforms) = preSolution
		Debug|Any CPU = Debug|Any CPU
		Release|Any CPU = Release|Any CPU
	EndGlobalSection
	GlobalSection(SolutionProperties) = preSolution
		HideSolutionNode = FALSE
	EndGlobalSection
	GlobalSection(ProjectConfigurationPlatforms) = postSolution
		{A144EBE5-7FFE-4FEC-9072-2124944375FB}.Debug|Any CPU.ActiveCfg = Debug|Any CPU
		{A144EBE5-7FFE-4FEC-9072-2124944375FB}.Debug|Any CPU.Build.0 = Debug|Any CPU
		{A144EBE5-7FFE-4FEC-9072-2124944375FB}.Release|Any CPU.ActiveCfg = Release|Any CPU
		{A144EBE5-7FFE-4FEC-9072-2124944375FB}.Release|Any CPU.Build.0 = Release|Any CPU
	EndGlobalSection
EndGlobal
